{
  "name": "Vue3-mini",
  "version": "1.0.0",
  "lockfileVersion": 1,
  "requires": true,
  "dependencies": {
    "@vue/reactivity": {
      "version": "3.0.5",
      "resolved": "https://registry.npmjs.org/@vue/reactivity/-/reactivity-3.0.5.tgz",
      "integrity": "sha512-3xodUE3sEIJgS7ntwUbopIpzzvi7vDAOjVamfb2l+v1FUg0jpd3gf62N2wggJw3fxBMr+QvyxpD+dBoxLsmAjw==",
      "requires": {
        "@vue/shared": "3.0.5"
      }
    },
    "@vue/shared": {
      "version": "3.0.5",
      "resolved": "https://registry.npmjs.org/@vue/shared/-/shared-3.0.5.tgz",
      "integrity": "sha512-gYsNoGkWejBxNO6SNRjOh/xKeZ0H0V+TFzaPzODfBjkAIb0aQgBuixC1brandC/CDJy1wYPwSoYrXpvul7m6yw=="
    }
  }
}
